
Microsoft Visual Studio Solution File, Format Version 11.00
# Visual Studio 2010
Project("{FAE04EC0-301F-11D3-BF4B-00C04F79EFBC}") = "Assembly-CSharp", "Assembly-CSharp.csproj", "{fa703057-3aea-7620-a322-aafe7e0b863f}"
EndProject
Global
	GlobalSection(SolutionConfigurationPlatforms) = preSolution
		Debug|Any CPU = Debug|Any CPU
		Release|Any CPU = Release|Any CPU
	EndGlobalSection
	GlobalSection(ProjectConfigurationPlatforms) = postSolution
		{fa703057-3aea-7620-a322-aafe7e0b863f}.Debug|Any CPU.ActiveCfg = Debug|Any CPU
		{fa703057-3aea-7620-a322-aafe7e0b863f}.Debug|Any CPU.Build.0 = Debug|Any CPU
		{fa703057-3aea-7620-a322-aafe7e0b863f}.Release|Any CPU.ActiveCfg = Release|Any CPU
		{fa703057-3aea-7620-a322-aafe7e0b863f}.Release|Any CPU.Build.0 = Release|Any CPU
	EndGlobalSection
	GlobalSection(SolutionProperties) = preSolution
		HideSolutionNode = FALSE
	EndGlobalSection
EndGlobal
